// !$*UTF8*$!
{
	archiveVersion = 1;
	classes = {
	};
	objectVersion = 46;
	objects = {

/* Begin PBXBuildFile section */
		94CC88BFE9CF7505425E5C83 /* Pods_Cleen.framework in Frameworks */ = {isa = PBXBuildFile; fileRef = D4843CB5A532458DD8557BC3 /* Pods_Cleen.framework */; };
		ABCF1EE31E0E75CC002E87E6 /* AppDelegate.swift in Sources */ = {isa = PBXBuildFile; fileRef = ABCF1EE21E0E75CC002E87E6 /* AppDelegate.swift */; };
		ABCF1EE51E0E75CC002E87E6 /* ViewController.swift in Sources */ = {isa = PBXBuildFile; fileRef = ABCF1EE41E0E75CC002E87E6 /* ViewController.swift */; };
		ABCF1EE81E0E75CC002E87E6 /* Main.storyboard in Resources */ = {isa = PBXBuildFile; fileRef = ABCF1EE61E0E75CC002E87E6 /* Main.storyboard */; };
		ABCF1EEA1E0E75CC002E87E6 /* Assets.xcassets in Resources */ = {isa = PBXBuildFile; fileRef = ABCF1EE91E0E75CC002E87E6 /* Assets.xcassets */; };
		ABCF1EED1E0E75CC002E87E6 /* LaunchScreen.storyboard in Resources */ = {isa = PBXBuildFile; fileRef = ABCF1EEB1E0E75CC002E87E6 /* LaunchScreen.storyboard */; };
/* End PBXBuildFile section */

/* Begin PBXFileReference section */
		ABCF1EDF1E0E75CC002E87E6 /* Cleen.app */ = {isa = PBXFileReference; explicitFileType = wrapper.application; includeInIndex = 0; path = Cleen.app; sourceTree = BUILT_PRODUCTS_DIR; };
		ABCF1EE21E0E75CC002E87E6 /* AppDelegate.swift */ = {isa = PBXFileReference; lastKnownFileType = sourcecode.swift; path = AppDelegate.swift; sourceTree = "<group>"; };
		ABCF1EE41E0E75CC002E87E6 /* ViewController.swift */ = {isa = PBXFileReference; lastKnownFileType = sourcecode.swift; path = ViewController.swift; sourceTree = "<group>"; };
		ABCF1EE71E0E75CC002E87E6 /* Base */ = {isa = PBXFileReference; lastKnownFileType = file.storyboard; name = Base; path = Base.lproj/Main.storyboard; sourceTree = "<group>"; };
		ABCF1EE91E0E75CC002E87E6 /* Assets.xcassets */ = {isa = PBXFileReference; lastKnownFileType = folder.assetcatalog; path = Assets.xcassets; sourceTree = "<group>"; };
		ABCF1EEC1E0E75CC002E87E6 /* Base */ = {isa = PBXFileReference; lastKnownFileType = file.storyboard; name = Base; path = Base.lproj/LaunchScreen.storyboard; sourceTree = "<group>"; };
		ABCF1EEE1E0E75CC002E87E6 /* Info.plist */ = {isa = PBXFileReference; lastKnownFileType = text.plist.xml; path = Info.plist; sourceTree = "<group>"; };
		B8B307893CAEF80E71AD415F /* Pods-Cleen.release.xcconfig */ = {isa = PBXFileReference; includeInIndex = 1; lastKnownFileType = text.xcconfig; name = "Pods-Cleen.release.xcconfig"; path = "Pods/Target Support Files/Pods-Cleen/Pods-Cleen.release.xcconfig"; sourceTree = "<group>"; };
		D4843CB5A532458DD8557BC3 /* Pods_Cleen.framework */ = {isa = PBXFileReference; explicitFileType = wrapper.framework; includeInIndex = 0; path = Pods_Cleen.framework; sourceTree = BUILT_PRODUCTS_DIR; };
		FE4AD53273A21EE120AF6230 /* Pods-Cleen.debug.xcconfig */ = {isa = PBXFileReference; includeInIndex = 1; lastKnownFileType = text.xcconfig; name = "Pods-Cleen.debug.xcconfig"; path = "Pods/Target Support Files/Pods-Cleen/Pods-Cleen.debug.xcconfig"; sourceTree = "<group>"; };
/* End PBXFileReference section */

/* Begin PBXFrameworksBuildPhase section */
		ABCF1EDC1E0E75CC002E87E6 /* Frameworks */ = {
			isa = PBXFrameworksBuildPhase;
			buildActionMask = 2147483647;
			files = (
				94CC88BFE9CF7505425E5C83 /* Pods_Cleen.framework in Frameworks */,
			);
			runOnlyForDeploymentPostprocessing = 0;
		};
/* End PBXFrameworksBuildPhase section */

/* Begin PBXGroup section */
		9F9E1700A915FF6937C9C79F /* Frameworks */ = {
			isa = PBXGroup;
			children = (
				D4843CB5A532458DD8557BC3 /* Pods_Cleen.framework */,
			);
			name = Frameworks;
			sourceTree = "<group>";
		};
		ABCF1ED61E0E75CC002E87E6 = {
			isa = PBXGroup;
			children = (
				ABCF1EE11E0E75CC002E87E6 /* Cleen */,
				ABCF1EE01E0E75CC002E87E6 /* Products */,
				CDBF4551547651522EE2C86E /* Pods */,
				9F9E1700A915FF6937C9C79F /* Frameworks */,
			);
			sourceTree = "<group>";
		};
		ABCF1EE01E0E75CC002E87E6 /* Products */ = {
			isa = PBXGroup;
			children = (
				ABCF1EDF1E0E75CC002E87E6 /* Cleen.app */,
			);
			name = Products;
			sourceTree = "<group>";
		};
		ABCF1EE11E0E75CC002E87E6 /* Cleen */ = {
			isa = PBXGroup;
			children = (
				ABCF1EE21E0E75CC002E87E6 /* AppDelegate.swift */,
				ABCF1EE41E0E75CC002E87E6 /* ViewController.swift */,
				ABCF1EE61E0E75CC002E87E6 /* Main.storyboard */,
				ABCF1EE91E0E75CC002E87E6 /* Assets.xcassets */,
				ABCF1EEB1E0E75CC002E87E6 /* LaunchScreen.storyboard */,
				ABCF1EEE1E0E75CC002E87E6 /* Info.plist */,
			);
			path = Cleen;
			sourceTree = "<group>";
		};
		CDBF4551547651522EE2C86E /* Pods */ = {
			isa = PBXGroup;
			children = (
				FE4AD53273A21EE120AF6230 /* Pods-Cleen.debug.xcconfig */,
				B8B307893CAEF80E71AD415F /* Pods-Cleen.release.xcconfig */,
			);
			name = Pods;
			sourceTree = "<group>";
		};
/* End PBXGroup section */

/* Begin PBXNativeTarget section */
		ABCF1EDE1E0E75CC002E87E6 /* Cleen */ = {
			isa = PBXNativeTarget;
			buildConfigurationList = ABCF1EF11E0E75CC002E87E6 /* Build configuration list for PBXNativeTarget "Cleen" */;
			buildPhases = (
				FDBCD32361E4034138E33E3F /* [CP] Check Pods Manifest.lock */,
				ABCF1EDB1E0E75CC002E87E6 /* Sources */,
				ABCF1EDC1E0E75CC002E87E6 /* Frameworks */,
				ABCF1EDD1E0E75CC002E87E6 /* Resources */,
				136D89141CF7F3DDD648EEA8 /* [CP] Embed Pods Frameworks */,
				CB52F9DED26914DF6AF2465F /* [CP] Copy Pods Resources */,
			);
			buildRules = (
			);
			dependencies = (
			);
			name = Cleen;
			productName = Cleen;
			productReference = ABCF1EDF1E0E75CC002E87E6 /* Cleen.app */;
			productType = "com.apple.product-type.application";
		};
/* End PBXNativeTarget section */

/* Begin PBXProject section */
		ABCF1ED71E0E75CC002E87E6 /* Project object */ = {
			isa = PBXProject;
			attributes = {
				LastSwiftUpdateCheck = 0730;
				LastUpgradeCheck = 0730;
				ORGANIZATIONNAME = yuccasd;
				TargetAttributes = {
					ABCF1EDE1E0E75CC002E87E6 = {
						CreatedOnToolsVersion = 7.3.1;
					};
				};
			};
			buildConfigurationList = ABCF1EDA1E0E75CC002E87E6 /* Build configuration list for PBXProject "Cleen" */;
			compatibilityVersion = "Xcode 3.2";
			developmentRegion = English;
			hasScannedForEncodings = 0;
			knownRegions = (
				en,
				Base,
			);
			mainGroup = ABCF1ED61E0E75CC002E87E6;
			productRefGroup = ABCF1EE01E0E75CC002E87E6 /* Products */;
			projectDirPath = "";
			projectRoot = "";
			targets = (
				ABCF1EDE1E0E75CC002E87E6 /* Cleen */,
			);
		};
/* End PBXProject section */

/* Begin PBXResourcesBuildPhase section */
		ABCF1EDD1E0E75CC002E87E6 /* Resources */ = {
			isa = PBXResourcesBuildPhase;
			buildActionMask = 2147483647;
			files = (
				ABCF1EED1E0E75CC002E87E6 /* LaunchScreen.storyboard in Resources */,
				ABCF1EEA1E0E75CC002E87E6 /* Assets.xcassets in Resources */,
				ABCF1EE81E0E75CC002E87E6 /* Main.storyboard in Resources */,
			);
			runOnlyForDeploymentPostprocessing = 0;
		};
/* End PBXResourcesBuildPhase section */

/* Begin PBXShellScriptBuildPhase section */
		136D89141CF7F3DDD648EEA8 /* [CP] Embed Pods Frameworks */ = {
			isa = PBXShellScriptBuildPhase;
			buildActionMask = 2147483647;
			files = (
			);
			inputPaths = (
			);
			name = "[CP] Embed Pods Frameworks";
			outputPaths = (
			);
			runOnlyForDeploymentPostprocessing = 0;
			shellPath = /bin/sh;
			shellScript = "\"${SRCROOT}/Pods/Target Support Files/Pods-Cleen/Pods-Cleen-frameworks.sh\"\n";
			showEnvVarsInLog = 0;
		};
		CB52F9DED26914DF6AF2465F /* [CP] Copy Pods Resources */ = {
			isa = PBXShellScriptBuildPhase;
			buildActionMask = 2147483647;
			files = (
			);
			inputPaths = (
			);
			name = "[CP] Copy Pods Resources";
			outputPaths = (
			);
			runOnlyForDeploymentPostprocessing = 0;
			shellPath = /bin/sh;
			shellScript = "\"${SRCROOT}/Pods/Target Support Files/Pods-Cleen/Pods-Cleen-resources.sh\"\n";
			showEnvVarsInLog = 0;
		};
		FDBCD32361E4034138E33E3F /* [CP] Check Pods Manifest.lock */ = {
			isa = PBXShellScriptBuildPhase;
			buildActionMask = 2147483647;
			files = (
			);
			inputPaths = (
			);
			name = "[CP] Check Pods Manifest.lock";
			outputPaths = (
			);
			runOnlyForDeploymentPostprocessing = 0;
			shellPath = /bin/sh;
			shellScript = "diff \"${PODS_ROOT}/../Podfile.lock\" \"${PODS_ROOT}/Manifest.lock\" > /dev/null\nif [ $? != 0 ] ; then\n    # print error to STDERR\n    echo \"error: The sandbox is not in sync with the Podfile.lock. Run 'pod install' or update your CocoaPods installation.\" >&2\n    exit 1\nfi\n";
			showEnvVarsInLog = 0;
		};
/* End PBXShellScriptBuildPhase section */

/* Begin PBXSourcesBuildPhase section */
		ABCF1EDB1E0E75CC002E87E6 /* Sources */ = {
			isa = PBXSourcesBuildPhase;
			buildActionMask = 2147483647;
			files = (
				ABCF1EE51E0E75CC002E87E6 /* ViewController.swift in Sources */,
				ABCF1EE31E0E75CC002E87E6 /* AppDelegate.swift in Sources */,
			);
			runOnlyForDeploymentPostprocessing = 0;
		};
/* End PBXSourcesBuildPhase section */

/* Begin PBXVariantGroup section */
		ABCF1EE61E0E75CC002E87E6 /* Main.storyboard */ = {
			isa = PBXVariantGroup;
			children = (
				ABCF1EE71E0E75CC002E87E6 /* Base */,
			);
			name = Main.storyboard;
			sourceTree = "<group>";
		};
		ABCF1EEB1E0E75CC002E87E6 /* LaunchScreen.storyboard */ = {
			isa = PBXVariantGroup;
			children = (
				ABCF1EEC1E0E75CC002E87E6 /* Base */,
			);
			name = LaunchScreen.storyboard;
			sourceTree = "<group>";
		};
/* End PBXVariantGroup section */

/* Begin XCBuildConfiguration section */
		ABCF1EEF1E0E75CC002E87E6 /* Debug */ = {
			isa = XCBuildConfiguration;
			buildSettings = {
				ALWAYS_SEARCH_USER_PATHS = NO;
				CLANG_ANALYZER_NONNULL = YES;
				CLANG_CXX_LANGUAGE_STANDARD = "gnu++0x";
				CLANG_CXX_LIBRARY = "libc++";
				CLANG_ENABLE_MODULES = YES;
				CLANG_ENABLE_OBJC_ARC = YES;
				CLANG_WARN_BOOL_CONVERSION = YES;
				CLANG_WARN_CONSTANT_CONVERSION = YES;
				CLANG_WARN_DIRECT_OBJC_ISA_USAGE = YES_ERROR;
				CLANG_WARN_EMPTY_BODY = YES;
				CLANG_WARN_ENUM_CONVERSION = YES;
				CLANG_WARN_INT_CONVERSION = YES;
				CLANG_WARN_OBJC_ROOT_CLASS = YES_ERROR;
				CLANG_WARN_UNREACHABLE_CODE = YES;
				CLANG_WARN__DUPLICATE_METHOD_MATCH = YES;
				"CODE_SIGN_IDENTITY[sdk=iphoneos*]" = "iPhone Developer";
				COPY_PHASE_STRIP = NO;
				DEBUG_INFORMATION_FORMAT = dwarf;
				ENABLE_STRICT_OBJC_MSGSEND = YES;
				ENABLE_TESTABILITY = YES;
				GCC_C_LANGUAGE_STANDARD = gnu99;
				GCC_DYNAMIC_NO_PIC = NO;
				GCC_NO_COMMON_BLOCKS = YES;
				GCC_OPTIMIZATION_LEVEL = 0;
				GCC_PREPROCESSOR_DEFINITIONS = (
					"DEBUG=1",
					"$(inherited)",
				);
				GCC_WARN_64_TO_32_BIT_CONVERSION = YES;
				GCC_WARN_ABOUT_RETURN_TYPE = YES_ERROR;
				GCC_WARN_UNDECLARED_SELECTOR = YES;
				GCC_WARN_UNINITIALIZED_AUTOS = YES_AGGRESSIVE;
				GCC_WARN_UNUSED_FUNCTION = YES;
				GCC_WARN_UNUSED_VARIABLE = YES;
				IPHONEOS_DEPLOYMENT_TARGET = 9.3;
				MTL_ENABLE_DEBUG_INFO = YES;
				ONLY_ACTIVE_ARCH = YES;
				SDKROOT = iphoneos;
				SWIFT_OPTIMIZATION_LEVEL = "-Onone";
			};
			name = Debug;
		};
		ABCF1EF01E0E75CC002E87E6 /* Release */ = {
			isa = XCBuildConfiguration;
			buildSettings = {
				ALWAYS_SEARCH_USER_PATHS = NO;
				CLANG_ANALYZER_NONNULL = YES;
				CLANG_CXX_LANGUAGE_STANDARD = "gnu++0x";
				CLANG_CXX_LIBRARY = "libc++";
				CLANG_ENABLE_MODULES = YES;
				CLANG_ENABLE_OBJC_ARC = YES;
				CLANG_WARN_BOOL_CONVERSION = YES;
				CLANG_WARN_CONSTANT_CONVERSION = YES;
				CLANG_WARN_DIRECT_OBJC_ISA_USAGE = YES_ERROR;
				CLANG_WARN_EMPTY_BODY = YES;
				CLANG_WARN_ENUM_CONVERSION = YES;
				CLANG_WARN_INT_CONVERSION = YES;
				CLANG_WARN_OBJC_ROOT_CLASS = YES_ERROR;
				CLANG_WARN_UNREACHABLE_CODE = YES;
				CLANG_WARN__DUPLICATE_METHOD_MATCH = YES;
				"CODE_SIGN_IDENTITY[sdk=iphoneos*]" = "iPhone Developer";
				COPY_PHASE_STRIP = NO;
				DEBUG_INFORMATION_FORMAT = "dwarf-with-dsym";
				ENABLE_NS_ASSERTIONS = NO;
				ENABLE_STRICT_OBJC_MSGSEND = YES;
				GCC_C_LANGUAGE_STANDARD = gnu99;
				GCC_NO_COMMON_BLOCKS = YES;
				GCC_WARN_64_TO_32_BIT_CONVERSION = YES;
				GCC_WARN_ABOUT_RETURN_TYPE = YES_ERROR;
				GCC_WARN_UNDECLARED_SELECTOR = YES;
				GCC_WARN_UNINITIALIZED_AUTOS = YES_AGGRESSIVE;
				GCC_WARN_UNUSED_FUNCTION = YES;
				GCC_WARN_UNUSED_VARIABLE = YES;
				IPHONEOS_DEPLOYMENT_TARGET = 9.3;
				MTL_ENABLE_DEBUG_INFO = NO;
				SDKROOT = iphoneos;
				VALIDATE_PRODUCT = YES;
			};
			name = Release;
		};
		ABCF1EF21E0E75CC002E87E6 /* Debug */ = {
			isa = XCBuildConfiguration;
			baseConfigurationReference = FE4AD53273A21EE120AF6230 /* Pods-Cleen.debug.xcconfig */;
			buildSettings = {
				ASSETCATALOG_COMPILER_APPICON_NAME = AppIcon;
				INFOPLIST_FILE = Cleen/Info.plist;
				LD_RUNPATH_SEARCH_PATHS = "$(inherited) @executable_path/Frameworks";
				PRODUCT_BUNDLE_IDENTIFIER = com.cleencom.cleen.Cleen;
				PRODUCT_NAME = "$(TARGET_NAME)";
			};
			name = Debug;
		};
		ABCF1EF31E0E75CC002E87E6 /* Release */ = {
			isa = XCBuildConfiguration;
			baseConfigurationReference = B8B307893CAEF80E71AD415F /* Pods-Cleen.release.xcconfig */;
			buildSettings = {
				ASSETCATALOG_COMPILER_APPICON_NAME = AppIcon;
				INFOPLIST_FILE = Cleen/Info.plist;
				LD_RUNPATH_SEARCH_PATHS = "$(inherited) @executable_path/Frameworks";
				PRODUCT_BUNDLE_IDENTIFIER = com.cleencom.cleen.Cleen;
				PRODUCT_NAME = "$(TARGET_NAME)";
			};
			name = Release;
		};
/* End XCBuildConfiguration section */

/* Begin XCConfigurationList section */
		ABCF1EDA1E0E75CC002E87E6 /* Build configuration list for PBXProject "Cleen" */ = {
			isa = XCConfigurationList;
			buildConfigurations = (
				ABCF1EEF1E0E75CC002E87E6 /* Debug */,
				ABCF1EF01E0E75CC002E87E6 /* Release */,
			);
			defaultConfigurationIsVisible = 0;
			defaultConfigurationName = Release;
		};
		ABCF1EF11E0E75CC002E87E6 /* Build configuration list for PBXNativeTarget "Cleen" */ = {
			isa = XCConfigurationList;
			buildConfigurations = (
				ABCF1EF21E0E75CC002E87E6 /* Debug */,
				ABCF1EF31E0E75CC002E87E6 /* Release */,
			);
			defaultConfigurationIsVisible = 0;
		};
/* End XCConfigurationList section */
	};
	rootObject = ABCF1ED71E0E75CC002E87E6 /* Project object */;
}
